
Microsoft Visual Studio Solution File, Format Version 12.00
# Visual Studio 15
VisualStudioVersion = 15.0.28306.52
MinimumVisualStudioVersion = 10.0.40219.1
Project("{FAE04EC0-301F-11D3-BF4B-00C04F79EFBC}") = "VFL_Party_Player", "VFL_Party_Player.csproj", "{B60681CB-C59E-44EB-9FE6-F146128FF337}"
EndProject
Global
	GlobalSection(SolutionConfigurationPlatforms) = preSolution
		Debug|Any CPU = Debug|Any CPU
		Release|Any CPU = Release|Any CPU
	EndGlobalSection
	GlobalSection(ProjectConfigurationPlatforms) = postSolution
		{B60681CB-C59E-44EB-9FE6-F146128FF337}.Debug|Any CPU.ActiveCfg = Debug|Any CPU
		{B60681CB-C59E-44EB-9FE6-F146128FF337}.Debug|Any CPU.Build.0 = Debug|Any CPU
		{B60681CB-C59E-44EB-9FE6-F146128FF337}.Release|Any CPU.ActiveCfg = Release|Any CPU
		{B60681CB-C59E-44EB-9FE6-F146128FF337}.Release|Any CPU.Build.0 = Release|Any CPU
	EndGlobalSection
	GlobalSection(SolutionProperties) = preSolution
		HideSolutionNode = FALSE
	EndGlobalSection
	GlobalSection(ExtensibilityGlobals) = postSolution
		SolutionGuid = {946C410D-A277-4C38-B0D5-5B28A82EEA51}
	EndGlobalSection
EndGlobal
